# THIS IS AN AUTOGENERATED FILE. DO NOT EDIT THIS FILE DIRECTLY.
# yarn lockfile v1


core-js@^2.4.1:
  version "2.4.1"
  resolved "https://registry.yarnpkg.com/core-js/-/core-js-2.4.1.tgz#4de911e667b0eae9124e34254b53aea6fc618d3e"

fake-indexeddb@^2.0.3:
  version "2.0.3"
  resolved "https://registry.yarnpkg.com/fake-indexeddb/-/fake-indexeddb-2.0.3.tgz#6319b0cc16b1c6343f462d5cf95291cb11a4b58b"
  dependencies:
    core-js "^2.4.1"
    realistic-structured-clone "^1.0.1"
    setimmediate "^1.0.5"

lodash._basefor@^3.0.0:
  version "3.0.3"
  resolved "https://registry.yarnpkg.com/lodash._basefor/-/lodash._basefor-3.0.3.tgz#7550b4e9218ef09fad24343b612021c79b4c20c2"

lodash.isarguments@^3.0.0:
  version "3.1.0"
  resolved "https://registry.yarnpkg.com/lodash.isarguments/-/lodash.isarguments-3.1.0.tgz#2f573d85c6a24289ff00663b491c1d338ff3458a"

lodash.isarray@^3.0.0:
  version "3.0.4"
  resolved "https://registry.yarnpkg.com/lodash.isarray/-/lodash.isarray-3.0.4.tgz#79e4eb88c36a8122af86f844aa9bcd851b5fbb55"

lodash.isplainobject@^3.0.2:
  version "3.2.0"
  resolved "https://registry.yarnpkg.com/lodash.isplainobject/-/lodash.isplainobject-3.2.0.tgz#9a8238ae16b200432960cd7346512d0123fbf4c5"
  dependencies:
    lodash._basefor "^3.0.0"
    lodash.isarguments "^3.0.0"
    lodash.keysin "^3.0.0"

lodash.keysin@^3.0.0:
  version "3.0.8"
  resolved "https://registry.yarnpkg.com/lodash.keysin/-/lodash.keysin-3.0.8.tgz#22c4493ebbedb1427962a54b445b2c8a767fb47f"
  dependencies:
    lodash.isarguments "^3.0.0"
    lodash.isarray "^3.0.0"

realistic-structured-clone@^1.0.1:
  version "1.0.1"
  resolved "https://registry.yarnpkg.com/realistic-structured-clone/-/realistic-structured-clone-1.0.1.tgz#1abe82af0b80cd7b109fdaf5d29308032852d45d"
  dependencies:
    lodash.isplainobject "^3.0.2"

setimmediate@^1.0.5:
  version "1.0.5"
  resolved "https://registry.yarnpkg.com/setimmediate/-/setimmediate-1.0.5.tgz#290cbb232e306942d7d7ea9b83732ab7856f8285"
